
Microsoft Visual Studio Solution File, Format Version 12.00
# Visual Studio 15
VisualStudioVersion = 15.0.27428.2015
MinimumVisualStudioVersion = 10.0.40219.1
Project("{FAE04EC0-301F-11D3-BF4B-00C04F79EFBC}") = "Evolution", "Evolution\Evolution.csproj", "{205A54AA-0D4D-4D5B-AFB5-7E843BD9A333}"
EndProject
Global
	GlobalSection(SolutionConfigurationPlatforms) = preSolution
		Debug|Any CPU = Debug|Any CPU
		Release|Any CPU = Release|Any CPU
	EndGlobalSection
	GlobalSection(ProjectConfigurationPlatforms) = postSolution
		{205A54AA-0D4D-4D5B-AFB5-7E843BD9A333}.Debug|Any CPU.ActiveCfg = Debug|Any CPU
		{205A54AA-0D4D-4D5B-AFB5-7E843BD9A333}.Debug|Any CPU.Build.0 = Debug|Any CPU
		{205A54AA-0D4D-4D5B-AFB5-7E843BD9A333}.Release|Any CPU.ActiveCfg = Release|Any CPU
		{205A54AA-0D4D-4D5B-AFB5-7E843BD9A333}.Release|Any CPU.Build.0 = Release|Any CPU
	EndGlobalSection
	GlobalSection(SolutionProperties) = preSolution
		HideSolutionNode = FALSE
	EndGlobalSection
	GlobalSection(ExtensibilityGlobals) = postSolution
		SolutionGuid = {643D4D01-23AC-45B5-90AD-605E3D82E61E}
	EndGlobalSection
EndGlobal
